
Microsoft Visual Studio Solution File, Format Version 12.00
# Visual Studio Version 17
VisualStudioVersion = 17.5.002.0
MinimumVisualStudioVersion = 10.0.40219.1
Project("{2150E333-8FDC-42A3-9474-1A3956D46DE8}") = "course-introduction", "course-introduction", "{7A956016-B6FF-4AA4-8B3B-2B2BED585F35}"
EndProject
Project("{9A19103F-16F7-4668-BE54-9A1E7A4F7556}") = "HelloWorld", "course-introduction\HelloWorld\HelloWorld.csproj", "{BC140F35-655B-4948-985B-94EC080A3294}"
EndProject
Global
	GlobalSection(SolutionConfigurationPlatforms) = preSolution
		Debug|Any CPU = Debug|Any CPU
		Release|Any CPU = Release|Any CPU
	EndGlobalSection
	GlobalSection(ProjectConfigurationPlatforms) = postSolution
		{BC140F35-655B-4948-985B-94EC080A3294}.Debug|Any CPU.ActiveCfg = Debug|Any CPU
		{BC140F35-655B-4948-985B-94EC080A3294}.Debug|Any CPU.Build.0 = Debug|Any CPU
		{BC140F35-655B-4948-985B-94EC080A3294}.Release|Any CPU.ActiveCfg = Release|Any CPU
		{BC140F35-655B-4948-985B-94EC080A3294}.Release|Any CPU.Build.0 = Release|Any CPU
	EndGlobalSection
	GlobalSection(SolutionProperties) = preSolution
		HideSolutionNode = FALSE
	EndGlobalSection
	GlobalSection(NestedProjects) = preSolution
		{BC140F35-655B-4948-985B-94EC080A3294} = {7A956016-B6FF-4AA4-8B3B-2B2BED585F35}
	EndGlobalSection
	GlobalSection(ExtensibilityGlobals) = postSolution
		SolutionGuid = {3BF58A04-12C0-4F20-A9B8-D765408A80E2}
	EndGlobalSection
EndGlobal
